
Microsoft Visual Studio Solution File, Format Version 12.00
# Visual Studio Version 17
VisualStudioVersion = 17.4.33205.214
MinimumVisualStudioVersion = 10.0.40219.1
Project("{9A19103F-16F7-4668-BE54-9A1E7A4F7556}") = "TaskAPI", "WebApplication1\TaskAPI.csproj", "{5ED9307F-EC55-4B6A-83C0-0FBA084D12D0}"
EndProject
Project("{FAE04EC0-301F-11D3-BF4B-00C04F79EFBC}") = "TaskAPI.Models", "TaskAPI.Models\TaskAPI.Models.csproj", "{2CB2E584-ADC3-41D7-8B91-7A0674AA9764}"
EndProject
Project("{FAE04EC0-301F-11D3-BF4B-00C04F79EFBC}") = "TaskAPI.Services", "TaskAPI.Services\TaskAPI.Services.csproj", "{42E0187E-D979-461F-975A-35EEE0999FC2}"
EndProject
Global
	GlobalSection(SolutionConfigurationPlatforms) = preSolution
		Debug|Any CPU = Debug|Any CPU
		Release|Any CPU = Release|Any CPU
	EndGlobalSection
	GlobalSection(ProjectConfigurationPlatforms) = postSolution
		{5ED9307F-EC55-4B6A-83C0-0FBA084D12D0}.Debug|Any CPU.ActiveCfg = Debug|Any CPU
		{5ED9307F-EC55-4B6A-83C0-0FBA084D12D0}.Debug|Any CPU.Build.0 = Debug|Any CPU
		{5ED9307F-EC55-4B6A-83C0-0FBA084D12D0}.Release|Any CPU.ActiveCfg = Release|Any CPU
		{5ED9307F-EC55-4B6A-83C0-0FBA084D12D0}.Release|Any CPU.Build.0 = Release|Any CPU
		{2CB2E584-ADC3-41D7-8B91-7A0674AA9764}.Debug|Any CPU.ActiveCfg = Debug|Any CPU
		{2CB2E584-ADC3-41D7-8B91-7A0674AA9764}.Debug|Any CPU.Build.0 = Debug|Any CPU
		{2CB2E584-ADC3-41D7-8B91-7A0674AA9764}.Release|Any CPU.ActiveCfg = Release|Any CPU
		{2CB2E584-ADC3-41D7-8B91-7A0674AA9764}.Release|Any CPU.Build.0 = Release|Any CPU
		{42E0187E-D979-461F-975A-35EEE0999FC2}.Debug|Any CPU.ActiveCfg = Debug|Any CPU
		{42E0187E-D979-461F-975A-35EEE0999FC2}.Debug|Any CPU.Build.0 = Debug|Any CPU
		{42E0187E-D979-461F-975A-35EEE0999FC2}.Release|Any CPU.ActiveCfg = Release|Any CPU
		{42E0187E-D979-461F-975A-35EEE0999FC2}.Release|Any CPU.Build.0 = Release|Any CPU
	EndGlobalSection
	GlobalSection(SolutionProperties) = preSolution
		HideSolutionNode = FALSE
	EndGlobalSection
	GlobalSection(ExtensibilityGlobals) = postSolution
		SolutionGuid = {C2A19DBE-2475-459A-A77A-0B5EF9AB71AC}
	EndGlobalSection
EndGlobal
